{
  "version": 4,
  "terraform_version": "1.3.7",
  "serial": 19,
  "lineage": "3b54b382-f8ce-de1e-5743-c949289bdaf3",
  "outputs": {},
  "resources": [
    {
      "mode": "managed",
      "type": "azurerm_linux_web_app",
      "name": "web-api",
      "provider": "provider[\"registry.terraform.io/hashicorp/azurerm\"]",
      "instances": [
        {
          "schema_version": 1,
          "attributes": {
            "app_settings": null,
            "auth_settings": [],
            "auth_settings_v2": [],
            "backup": [],
            "client_affinity_enabled": false,
            "client_certificate_enabled": false,
            "client_certificate_exclusion_paths": "",
            "client_certificate_mode": "Required",
            "connection_string": [],
            "custom_domain_verification_id": "36780AFC7A0E7A9D9F5D2A1979D5E3E4848377069912C3E835946687A1D01485",
            "default_hostname": "gh-actions-web-api-hg.azurewebsites.net",
            "enabled": true,
            "ftp_publish_basic_authentication_enabled": true,
            "hosting_environment_id": "",
            "https_only": false,
            "id": "/subscriptions/b352390f-214c-454d-b21a-951b73293b0b/resourceGroups/gh-actions/providers/Microsoft.Web/sites/gh-actions-web-api-hg",
            "identity": [],
            "key_vault_reference_identity_id": "SystemAssigned",
            "kind": "app,linux,container",
            "location": "canadaeast",
            "logs": [],
            "name": "gh-actions-web-api-hg",
            "outbound_ip_address_list": [
              "20.104.143.148",
              "20.104.137.32",
              "20.104.137.131",
              "20.104.139.60",
              "20.104.140.58",
              "20.104.141.26",
              "52.229.96.167",
              "40.69.122.143",
              "40.69.122.39",
              "40.69.122.156",
              "40.69.122.218",
              "40.69.123.95",
              "40.69.106.98"
            ],
            "outbound_ip_addresses": "20.104.143.148,20.104.137.32,20.104.137.131,20.104.139.60,20.104.140.58,20.104.141.26,52.229.96.167,40.69.122.143,40.69.122.39,40.69.122.156,40.69.122.218,40.69.123.95,40.69.106.98",
            "possible_outbound_ip_address_list": [
              "20.104.143.148",
              "20.104.137.32",
              "20.104.137.131",
              "20.104.139.60",
              "20.104.140.58",
              "20.104.141.26",
              "52.229.96.167",
              "40.69.122.143",
              "40.69.122.39",
              "40.69.122.156",
              "40.69.122.218",
              "40.69.123.95",
              "40.69.123.141",
              "40.69.123.164",
              "52.229.65.41",
              "40.86.204.91",
              "40.86.201.77",
              "40.69.127.245",
              "40.69.121.218",
              "40.69.121.220",
              "52.229.98.21",
              "40.86.211.38",
              "40.69.121.253",
              "40.86.210.146",
              "40.69.126.45",
              "52.229.67.244",
              "40.69.126.198",
              "40.86.206.175",
              "40.69.126.232",
              "52.229.99.181",
              "40.69.106.98"
            ],
            "possible_outbound_ip_addresses": "20.104.143.148,20.104.137.32,20.104.137.131,20.104.139.60,20.104.140.58,20.104.141.26,52.229.96.167,40.69.122.143,40.69.122.39,40.69.122.156,40.69.122.218,40.69.123.95,40.69.123.141,40.69.123.164,52.229.65.41,40.86.204.91,40.86.201.77,40.69.127.245,40.69.121.218,40.69.121.220,52.229.98.21,40.86.211.38,40.69.121.253,40.86.210.146,40.69.126.45,52.229.67.244,40.69.126.198,40.86.206.175,40.69.126.232,52.229.99.181,40.69.106.98",
            "public_network_access_enabled": true,
            "resource_group_name": "gh-actions",
            "service_plan_id": "/subscriptions/b352390f-214c-454d-b21a-951b73293b0b/resourceGroups/gh-actions/providers/Microsoft.Web/serverFarms/web-api",
            "site_config": [
              {
                "always_on": false,
                "api_definition_url": "",
                "api_management_api_id": "",
                "app_command_line": "",
                "application_stack": [
                  {
                    "docker_image_name": "hgure/actions-web:latest",
                    "docker_registry_password": "",
                    "docker_registry_url": "https://index.docker.io",
                    "docker_registry_username": "",
                    "dotnet_version": "",
                    "go_version": "",
                    "java_server": "",
                    "java_server_version": "",
                    "java_version": "",
                    "node_version": "",
                    "php_version": "",
                    "python_version": "",
                    "ruby_version": ""
                  }
                ],
                "auto_heal_setting": [],
                "container_registry_managed_identity_client_id": "",
                "container_registry_use_managed_identity": false,
                "cors": [],
                "default_documents": [
                  "Default.htm",
                  "Default.html",
                  "Default.asp",
                  "index.htm",
                  "index.html",
                  "iisstart.htm",
                  "default.aspx",
                  "index.php",
                  "hostingstart.html"
                ],
                "detailed_error_logging_enabled": false,
                "ftps_state": "Disabled",
                "health_check_eviction_time_in_min": 0,
                "health_check_path": "",
                "http2_enabled": false,
                "ip_restriction": [],
                "ip_restriction_default_action": "Allow",
                "linux_fx_version": "DOCKER|index.docker.io/hgure/actions-web:latest",
                "load_balancing_mode": "LeastRequests",
                "local_mysql_enabled": false,
                "managed_pipeline_mode": "Integrated",
                "minimum_tls_version": "1.2",
                "remote_debugging_enabled": false,
                "remote_debugging_version": "VS2022",
                "scm_ip_restriction": [],
                "scm_ip_restriction_default_action": "Allow",
                "scm_minimum_tls_version": "1.2",
                "scm_type": "None",
                "scm_use_main_ip_restriction": false,
                "use_32_bit_worker": true,
                "vnet_route_all_enabled": false,
                "websockets_enabled": false,
                "worker_count": 1
              }
            ],
            "site_credential": [
              {
                "name": "$gh-actions-web-api-hg",
                "password": "SifFkxZGAuloJhSc9mCo0KqmH65tPv7DeF0YdkZSdRduZdt1grAegtg1BrWC"
              }
            ],
            "sticky_settings": [],
            "storage_account": [],
            "tags": null,
            "timeouts": null,
            "virtual_network_subnet_id": "",
            "webdeploy_publish_basic_authentication_enabled": true,
            "zip_deploy_file": ""
          },
          "sensitive_attributes": [],
          "private": "eyJlMmJmYjczMC1lY2FhLTExZTYtOGY4OC0zNDM2M2JjN2M0YzAiOnsiY3JlYXRlIjoxODAwMDAwMDAwMDAwLCJkZWxldGUiOjE4MDAwMDAwMDAwMDAsInJlYWQiOjMwMDAwMDAwMDAwMCwidXBkYXRlIjoxODAwMDAwMDAwMDAwfSwic2NoZW1hX3ZlcnNpb24iOiIxIn0=",
          "dependencies": [
            "azurerm_resource_group.gh-actions",
            "azurerm_service_plan.web-api"
          ]
        }
      ]
    },
    {
      "mode": "managed",
      "type": "azurerm_resource_group",
      "name": "gh-actions",
      "provider": "provider[\"registry.terraform.io/hashicorp/azurerm\"]",
      "instances": [
        {
          "schema_version": 0,
          "attributes": {
            "id": "/subscriptions/b352390f-214c-454d-b21a-951b73293b0b/resourceGroups/gh-actions",
            "location": "canadaeast",
            "managed_by": "",
            "name": "gh-actions",
            "tags": null,
            "timeouts": null
          },
          "sensitive_attributes": [],
          "private": "eyJlMmJmYjczMC1lY2FhLTExZTYtOGY4OC0zNDM2M2JjN2M0YzAiOnsiY3JlYXRlIjo1NDAwMDAwMDAwMDAwLCJkZWxldGUiOjU0MDAwMDAwMDAwMDAsInJlYWQiOjMwMDAwMDAwMDAwMCwidXBkYXRlIjo1NDAwMDAwMDAwMDAwfX0="
        }
      ]
    },
    {
      "mode": "managed",
      "type": "azurerm_service_plan",
      "name": "web-api",
      "provider": "provider[\"registry.terraform.io/hashicorp/azurerm\"]",
      "instances": [
        {
          "schema_version": 1,
          "attributes": {
            "app_service_environment_id": "",
            "id": "/subscriptions/b352390f-214c-454d-b21a-951b73293b0b/resourceGroups/gh-actions/providers/Microsoft.Web/serverFarms/web-api",
            "kind": "linux",
            "location": "canadaeast",
            "maximum_elastic_worker_count": 1,
            "name": "web-api",
            "os_type": "Linux",
            "per_site_scaling_enabled": false,
            "premium_plan_auto_scale_enabled": false,
            "reserved": true,
            "resource_group_name": "gh-actions",
            "sku_name": "F1",
            "tags": null,
            "timeouts": null,
            "worker_count": 1,
            "zone_balancing_enabled": false
          },
          "sensitive_attributes": [],
          "private": "eyJlMmJmYjczMC1lY2FhLTExZTYtOGY4OC0zNDM2M2JjN2M0YzAiOnsiY3JlYXRlIjozNjAwMDAwMDAwMDAwLCJkZWxldGUiOjM2MDAwMDAwMDAwMDAsInJlYWQiOjMwMDAwMDAwMDAwMCwidXBkYXRlIjozNjAwMDAwMDAwMDAwfSwic2NoZW1hX3ZlcnNpb24iOiIxIn0=",
          "dependencies": [
            "azurerm_resource_group.gh-actions"
          ]
        }
      ]
    }
  ],
  "check_results": null
}
